// !$*UTF8*$!
{
	archiveVersion = 1;
	classes = {
	};
	objectVersion = 55;
	objects = {

/* Begin PBXBuildFile section */
		5375A427275FC56E00BFFD46 /* SwiftUICapsuleCollectiinApp.swift in Sources */ = {isa = PBXBuildFile; fileRef = 5375A426275FC56E00BFFD46 /* SwiftUICapsuleCollectiinApp.swift */; };
		5375A42B275FC57100BFFD46 /* Assets.xcassets in Resources */ = {isa = PBXBuildFile; fileRef = 5375A42A275FC57100BFFD46 /* Assets.xcassets */; };
		5375A42E275FC57100BFFD46 /* Preview Assets.xcassets in Resources */ = {isa = PBXBuildFile; fileRef = 5375A42D275FC57100BFFD46 /* Preview Assets.xcassets */; };
		5375A438275FC57100BFFD46 /* SwiftUICapsuleCollectiinTests.swift in Sources */ = {isa = PBXBuildFile; fileRef = 5375A437275FC57100BFFD46 /* SwiftUICapsuleCollectiinTests.swift */; };
		5375A442275FC57100BFFD46 /* SwiftUICapsuleCollectiinUITests.swift in Sources */ = {isa = PBXBuildFile; fileRef = 5375A441275FC57100BFFD46 /* SwiftUICapsuleCollectiinUITests.swift */; };
		5375A444275FC57100BFFD46 /* SwiftUICapsuleCollectiinUITestsLaunchTests.swift in Sources */ = {isa = PBXBuildFile; fileRef = 5375A443275FC57100BFFD46 /* SwiftUICapsuleCollectiinUITestsLaunchTests.swift */; };
		5375A451275FC62900BFFD46 /* CapsuleCollectionView.swift in Sources */ = {isa = PBXBuildFile; fileRef = 5375A450275FC62900BFFD46 /* CapsuleCollectionView.swift */; };
		5375A454275FCBE300BFFD46 /* CapsuleView.swift in Sources */ = {isa = PBXBuildFile; fileRef = 5375A453275FCBE300BFFD46 /* CapsuleView.swift */; };
		5375A456275FD03800BFFD46 /* CapsuleData.swift in Sources */ = {isa = PBXBuildFile; fileRef = 5375A455275FD03800BFFD46 /* CapsuleData.swift */; };
		5375A458276016C700BFFD46 /* CapsuleGridView.swift in Sources */ = {isa = PBXBuildFile; fileRef = 5375A457276016C700BFFD46 /* CapsuleGridView.swift */; };
		5375A45C276019E400BFFD46 /* CapsuleLayout.swift in Sources */ = {isa = PBXBuildFile; fileRef = 5375A45B276019E400BFFD46 /* CapsuleLayout.swift */; };
		5375A45E27603B0700BFFD46 /* ContentView.swift in Sources */ = {isa = PBXBuildFile; fileRef = 5375A45D27603B0700BFFD46 /* ContentView.swift */; };
/* End PBXBuildFile section */

/* Begin PBXContainerItemProxy section */
		5375A434275FC57100BFFD46 /* PBXContainerItemProxy */ = {
			isa = PBXContainerItemProxy;
			containerPortal = 5375A41B275FC56E00BFFD46 /* Project object */;
			proxyType = 1;
			remoteGlobalIDString = 5375A422275FC56E00BFFD46;
			remoteInfo = SwiftUICapsuleCollectiin;
		};
		5375A43E275FC57100BFFD46 /* PBXContainerItemProxy */ = {
			isa = PBXContainerItemProxy;
			containerPortal = 5375A41B275FC56E00BFFD46 /* Project object */;
			proxyType = 1;
			remoteGlobalIDString = 5375A422275FC56E00BFFD46;
			remoteInfo = SwiftUICapsuleCollectiin;
		};
/* End PBXContainerItemProxy section */

/* Begin PBXFileReference section */
		5375A423275FC56E00BFFD46 /* SwiftUIWrappingCapsuleStack.app */ = {isa = PBXFileReference; explicitFileType = wrapper.application; includeInIndex = 0; path = SwiftUIWrappingCapsuleStack.app; sourceTree = BUILT_PRODUCTS_DIR; };
		5375A426275FC56E00BFFD46 /* SwiftUICapsuleCollectiinApp.swift */ = {isa = PBXFileReference; lastKnownFileType = sourcecode.swift; path = SwiftUICapsuleCollectiinApp.swift; sourceTree = "<group>"; };
		5375A42A275FC57100BFFD46 /* Assets.xcassets */ = {isa = PBXFileReference; lastKnownFileType = folder.assetcatalog; path = Assets.xcassets; sourceTree = "<group>"; };
		5375A42D275FC57100BFFD46 /* Preview Assets.xcassets */ = {isa = PBXFileReference; lastKnownFileType = folder.assetcatalog; path = "Preview Assets.xcassets"; sourceTree = "<group>"; };
		5375A433275FC57100BFFD46 /* SwiftUIWrappingCapsuleStackTests.xctest */ = {isa = PBXFileReference; explicitFileType = wrapper.cfbundle; includeInIndex = 0; path = SwiftUIWrappingCapsuleStackTests.xctest; sourceTree = BUILT_PRODUCTS_DIR; };
		5375A437275FC57100BFFD46 /* SwiftUICapsuleCollectiinTests.swift */ = {isa = PBXFileReference; lastKnownFileType = sourcecode.swift; path = SwiftUICapsuleCollectiinTests.swift; sourceTree = "<group>"; };
		5375A43D275FC57100BFFD46 /* SwiftUIWrappingCapsuleStackUITests.xctest */ = {isa = PBXFileReference; explicitFileType = wrapper.cfbundle; includeInIndex = 0; path = SwiftUIWrappingCapsuleStackUITests.xctest; sourceTree = BUILT_PRODUCTS_DIR; };
		5375A441275FC57100BFFD46 /* SwiftUICapsuleCollectiinUITests.swift */ = {isa = PBXFileReference; lastKnownFileType = sourcecode.swift; path = SwiftUICapsuleCollectiinUITests.swift; sourceTree = "<group>"; };
		5375A443275FC57100BFFD46 /* SwiftUICapsuleCollectiinUITestsLaunchTests.swift */ = {isa = PBXFileReference; lastKnownFileType = sourcecode.swift; path = SwiftUICapsuleCollectiinUITestsLaunchTests.swift; sourceTree = "<group>"; };
		5375A450275FC62900BFFD46 /* CapsuleCollectionView.swift */ = {isa = PBXFileReference; lastKnownFileType = sourcecode.swift; path = CapsuleCollectionView.swift; sourceTree = "<group>"; };
		5375A453275FCBE300BFFD46 /* CapsuleView.swift */ = {isa = PBXFileReference; lastKnownFileType = sourcecode.swift; path = CapsuleView.swift; sourceTree = "<group>"; };
		5375A455275FD03800BFFD46 /* CapsuleData.swift */ = {isa = PBXFileReference; lastKnownFileType = sourcecode.swift; path = CapsuleData.swift; sourceTree = "<group>"; };
		5375A457276016C700BFFD46 /* CapsuleGridView.swift */ = {isa = PBXFileReference; lastKnownFileType = sourcecode.swift; path = CapsuleGridView.swift; sourceTree = "<group>"; };
		5375A45B276019E400BFFD46 /* CapsuleLayout.swift */ = {isa = PBXFileReference; lastKnownFileType = sourcecode.swift; path = CapsuleLayout.swift; sourceTree = "<group>"; };
		5375A45D27603B0700BFFD46 /* ContentView.swift */ = {isa = PBXFileReference; lastKnownFileType = sourcecode.swift; path = ContentView.swift; sourceTree = "<group>"; };
/* End PBXFileReference section */

/* Begin PBXFrameworksBuildPhase section */
		5375A420275FC56E00BFFD46 /* Frameworks */ = {
			isa = PBXFrameworksBuildPhase;
			buildActionMask = 2147483647;
			files = (
			);
			runOnlyForDeploymentPostprocessing = 0;
		};
		5375A430275FC57100BFFD46 /* Frameworks */ = {
			isa = PBXFrameworksBuildPhase;
			buildActionMask = 2147483647;
			files = (
			);
			runOnlyForDeploymentPostprocessing = 0;
		};
		5375A43A275FC57100BFFD46 /* Frameworks */ = {
			isa = PBXFrameworksBuildPhase;
			buildActionMask = 2147483647;
			files = (
			);
			runOnlyForDeploymentPostprocessing = 0;
		};
/* End PBXFrameworksBuildPhase section */

/* Begin PBXGroup section */
		5375A41A275FC56E00BFFD46 = {
			isa = PBXGroup;
			children = (
				5375A425275FC56E00BFFD46 /* SwiftUICapsuleCollectiin */,
				5375A436275FC57100BFFD46 /* SwiftUICapsuleCollectiinTests */,
				5375A440275FC57100BFFD46 /* SwiftUICapsuleCollectiinUITests */,
				5375A424275FC56E00BFFD46 /* Products */,
			);
			sourceTree = "<group>";
		};
		5375A424275FC56E00BFFD46 /* Products */ = {
			isa = PBXGroup;
			children = (
				5375A423275FC56E00BFFD46 /* SwiftUIWrappingCapsuleStack.app */,
				5375A433275FC57100BFFD46 /* SwiftUIWrappingCapsuleStackTests.xctest */,
				5375A43D275FC57100BFFD46 /* SwiftUIWrappingCapsuleStackUITests.xctest */,
			);
			name = Products;
			sourceTree = "<group>";
		};
		5375A425275FC56E00BFFD46 /* SwiftUICapsuleCollectiin */ = {
			isa = PBXGroup;
			children = (
				5375A426275FC56E00BFFD46 /* SwiftUICapsuleCollectiinApp.swift */,
				5375A45D27603B0700BFFD46 /* ContentView.swift */,
				5375A452275FCB9500BFFD46 /* CapsuleCollectionView */,
				5375A42A275FC57100BFFD46 /* Assets.xcassets */,
				5375A42C275FC57100BFFD46 /* Preview Content */,
			);
			path = SwiftUICapsuleCollectiin;
			sourceTree = "<group>";
		};
		5375A42C275FC57100BFFD46 /* Preview Content */ = {
			isa = PBXGroup;
			children = (
				5375A42D275FC57100BFFD46 /* Preview Assets.xcassets */,
			);
			path = "Preview Content";
			sourceTree = "<group>";
		};
		5375A436275FC57100BFFD46 /* SwiftUICapsuleCollectiinTests */ = {
			isa = PBXGroup;
			children = (
				5375A437275FC57100BFFD46 /* SwiftUICapsuleCollectiinTests.swift */,
			);
			path = SwiftUICapsuleCollectiinTests;
			sourceTree = "<group>";
		};
		5375A440275FC57100BFFD46 /* SwiftUICapsuleCollectiinUITests */ = {
			isa = PBXGroup;
			children = (
				5375A441275FC57100BFFD46 /* SwiftUICapsuleCollectiinUITests.swift */,
				5375A443275FC57100BFFD46 /* SwiftUICapsuleCollectiinUITestsLaunchTests.swift */,
			);
			path = SwiftUICapsuleCollectiinUITests;
			sourceTree = "<group>";
		};
		5375A452275FCB9500BFFD46 /* CapsuleCollectionView */ = {
			isa = PBXGroup;
			children = (
				5375A450275FC62900BFFD46 /* CapsuleCollectionView.swift */,
				5375A453275FCBE300BFFD46 /* CapsuleView.swift */,
				5375A455275FD03800BFFD46 /* CapsuleData.swift */,
				5375A457276016C700BFFD46 /* CapsuleGridView.swift */,
				5375A45B276019E400BFFD46 /* CapsuleLayout.swift */,
			);
			path = CapsuleCollectionView;
			sourceTree = "<group>";
		};
/* End PBXGroup section */

/* Begin PBXNativeTarget section */
		5375A422275FC56E00BFFD46 /* SwiftUIWrappingCapsuleStack */ = {
			isa = PBXNativeTarget;
			buildConfigurationList = 5375A447275FC57100BFFD46 /* Build configuration list for PBXNativeTarget "SwiftUIWrappingCapsuleStack" */;
			buildPhases = (
				5375A41F275FC56E00BFFD46 /* Sources */,
				5375A420275FC56E00BFFD46 /* Frameworks */,
				5375A421275FC56E00BFFD46 /* Resources */,
			);
			buildRules = (
			);
			dependencies = (
			);
			name = SwiftUIWrappingCapsuleStack;
			productName = SwiftUICapsuleCollectiin;
			productReference = 5375A423275FC56E00BFFD46 /* SwiftUIWrappingCapsuleStack.app */;
			productType = "com.apple.product-type.application";
		};
		5375A432275FC57100BFFD46 /* SwiftUIWrappingCapsuleStackTests */ = {
			isa = PBXNativeTarget;
			buildConfigurationList = 5375A44A275FC57100BFFD46 /* Build configuration list for PBXNativeTarget "SwiftUIWrappingCapsuleStackTests" */;
			buildPhases = (
				5375A42F275FC57100BFFD46 /* Sources */,
				5375A430275FC57100BFFD46 /* Frameworks */,
				5375A431275FC57100BFFD46 /* Resources */,
			);
			buildRules = (
			);
			dependencies = (
				5375A435275FC57100BFFD46 /* PBXTargetDependency */,
			);
			name = SwiftUIWrappingCapsuleStackTests;
			productName = SwiftUICapsuleCollectiinTests;
			productReference = 5375A433275FC57100BFFD46 /* SwiftUIWrappingCapsuleStackTests.xctest */;
			productType = "com.apple.product-type.bundle.unit-test";
		};
		5375A43C275FC57100BFFD46 /* SwiftUIWrappingCapsuleStackUITests */ = {
			isa = PBXNativeTarget;
			buildConfigurationList = 5375A44D275FC57100BFFD46 /* Build configuration list for PBXNativeTarget "SwiftUIWrappingCapsuleStackUITests" */;
			buildPhases = (
				5375A439275FC57100BFFD46 /* Sources */,
				5375A43A275FC57100BFFD46 /* Frameworks */,
				5375A43B275FC57100BFFD46 /* Resources */,
			);
			buildRules = (
			);
			dependencies = (
				5375A43F275FC57100BFFD46 /* PBXTargetDependency */,
			);
			name = SwiftUIWrappingCapsuleStackUITests;
			productName = SwiftUICapsuleCollectiinUITests;
			productReference = 5375A43D275FC57100BFFD46 /* SwiftUIWrappingCapsuleStackUITests.xctest */;
			productType = "com.apple.product-type.bundle.ui-testing";
		};
/* End PBXNativeTarget section */

/* Begin PBXProject section */
		5375A41B275FC56E00BFFD46 /* Project object */ = {
			isa = PBXProject;
			attributes = {
				BuildIndependentTargetsInParallel = 1;
				LastSwiftUpdateCheck = 1300;
				LastUpgradeCheck = 1300;
				TargetAttributes = {
					5375A422275FC56E00BFFD46 = {
						CreatedOnToolsVersion = 13.0;
					};
					5375A432275FC57100BFFD46 = {
						CreatedOnToolsVersion = 13.0;
						TestTargetID = 5375A422275FC56E00BFFD46;
					};
					5375A43C275FC57100BFFD46 = {
						CreatedOnToolsVersion = 13.0;
						TestTargetID = 5375A422275FC56E00BFFD46;
					};
				};
			};
			buildConfigurationList = 5375A41E275FC56E00BFFD46 /* Build configuration list for PBXProject "SwiftUIWrappingCapsuleStack" */;
			compatibilityVersion = "Xcode 13.0";
			developmentRegion = en;
			hasScannedForEncodings = 0;
			knownRegions = (
				en,
				Base,
			);
			mainGroup = 5375A41A275FC56E00BFFD46;
			productRefGroup = 5375A424275FC56E00BFFD46 /* Products */;
			projectDirPath = "";
			projectRoot = "";
			targets = (
				5375A422275FC56E00BFFD46 /* SwiftUIWrappingCapsuleStack */,
				5375A432275FC57100BFFD46 /* SwiftUIWrappingCapsuleStackTests */,
				5375A43C275FC57100BFFD46 /* SwiftUIWrappingCapsuleStackUITests */,
			);
		};
/* End PBXProject section */

/* Begin PBXResourcesBuildPhase section */
		5375A421275FC56E00BFFD46 /* Resources */ = {
			isa = PBXResourcesBuildPhase;
			buildActionMask = 2147483647;
			files = (
				5375A42E275FC57100BFFD46 /* Preview Assets.xcassets in Resources */,
				5375A42B275FC57100BFFD46 /* Assets.xcassets in Resources */,
			);
			runOnlyForDeploymentPostprocessing = 0;
		};
		5375A431275FC57100BFFD46 /* Resources */ = {
			isa = PBXResourcesBuildPhase;
			buildActionMask = 2147483647;
			files = (
			);
			runOnlyForDeploymentPostprocessing = 0;
		};
		5375A43B275FC57100BFFD46 /* Resources */ = {
			isa = PBXResourcesBuildPhase;
			buildActionMask = 2147483647;
			files = (
			);
			runOnlyForDeploymentPostprocessing = 0;
		};
/* End PBXResourcesBuildPhase section */

/* Begin PBXSourcesBuildPhase section */
		5375A41F275FC56E00BFFD46 /* Sources */ = {
			isa = PBXSourcesBuildPhase;
			buildActionMask = 2147483647;
			files = (
				5375A45C276019E400BFFD46 /* CapsuleLayout.swift in Sources */,
				5375A454275FCBE300BFFD46 /* CapsuleView.swift in Sources */,
				5375A45E27603B0700BFFD46 /* ContentView.swift in Sources */,
				5375A456275FD03800BFFD46 /* CapsuleData.swift in Sources */,
				5375A458276016C700BFFD46 /* CapsuleGridView.swift in Sources */,
				5375A427275FC56E00BFFD46 /* SwiftUICapsuleCollectiinApp.swift in Sources */,
				5375A451275FC62900BFFD46 /* CapsuleCollectionView.swift in Sources */,
			);
			runOnlyForDeploymentPostprocessing = 0;
		};
		5375A42F275FC57100BFFD46 /* Sources */ = {
			isa = PBXSourcesBuildPhase;
			buildActionMask = 2147483647;
			files = (
				5375A438275FC57100BFFD46 /* SwiftUICapsuleCollectiinTests.swift in Sources */,
			);
			runOnlyForDeploymentPostprocessing = 0;
		};
		5375A439275FC57100BFFD46 /* Sources */ = {
			isa = PBXSourcesBuildPhase;
			buildActionMask = 2147483647;
			files = (
				5375A444275FC57100BFFD46 /* SwiftUICapsuleCollectiinUITestsLaunchTests.swift in Sources */,
				5375A442275FC57100BFFD46 /* SwiftUICapsuleCollectiinUITests.swift in Sources */,
			);
			runOnlyForDeploymentPostprocessing = 0;
		};
/* End PBXSourcesBuildPhase section */

/* Begin PBXTargetDependency section */
		5375A435275FC57100BFFD46 /* PBXTargetDependency */ = {
			isa = PBXTargetDependency;
			target = 5375A422275FC56E00BFFD46 /* SwiftUIWrappingCapsuleStack */;
			targetProxy = 5375A434275FC57100BFFD46 /* PBXContainerItemProxy */;
		};
		5375A43F275FC57100BFFD46 /* PBXTargetDependency */ = {
			isa = PBXTargetDependency;
			target = 5375A422275FC56E00BFFD46 /* SwiftUIWrappingCapsuleStack */;
			targetProxy = 5375A43E275FC57100BFFD46 /* PBXContainerItemProxy */;
		};
/* End PBXTargetDependency section */

/* Begin XCBuildConfiguration section */
		5375A445275FC57100BFFD46 /* Debug */ = {
			isa = XCBuildConfiguration;
			buildSettings = {
				ALWAYS_SEARCH_USER_PATHS = NO;
				CLANG_ANALYZER_NONNULL = YES;
				CLANG_ANALYZER_NUMBER_OBJECT_CONVERSION = YES_AGGRESSIVE;
				CLANG_CXX_LANGUAGE_STANDARD = "gnu++17";
				CLANG_CXX_LIBRARY = "libc++";
				CLANG_ENABLE_MODULES = YES;
				CLANG_ENABLE_OBJC_ARC = YES;
				CLANG_ENABLE_OBJC_WEAK = YES;
				CLANG_WARN_BLOCK_CAPTURE_AUTORELEASING = YES;
				CLANG_WARN_BOOL_CONVERSION = YES;
				CLANG_WARN_COMMA = YES;
				CLANG_WARN_CONSTANT_CONVERSION = YES;
				CLANG_WARN_DEPRECATED_OBJC_IMPLEMENTATIONS = YES;
				CLANG_WARN_DIRECT_OBJC_ISA_USAGE = YES_ERROR;
				CLANG_WARN_DOCUMENTATION_COMMENTS = YES;
				CLANG_WARN_EMPTY_BODY = YES;
				CLANG_WARN_ENUM_CONVERSION = YES;
				CLANG_WARN_INFINITE_RECURSION = YES;
				CLANG_WARN_INT_CONVERSION = YES;
				CLANG_WARN_NON_LITERAL_NULL_CONVERSION = YES;
				CLANG_WARN_OBJC_IMPLICIT_RETAIN_SELF = YES;
				CLANG_WARN_OBJC_LITERAL_CONVERSION = YES;
				CLANG_WARN_OBJC_ROOT_CLASS = YES_ERROR;
				CLANG_WARN_QUOTED_INCLUDE_IN_FRAMEWORK_HEADER = YES;
				CLANG_WARN_RANGE_LOOP_ANALYSIS = YES;
				CLANG_WARN_STRICT_PROTOTYPES = YES;
				CLANG_WARN_SUSPICIOUS_MOVE = YES;
				CLANG_WARN_UNGUARDED_AVAILABILITY = YES_AGGRESSIVE;
				CLANG_WARN_UNREACHABLE_CODE = YES;
				CLANG_WARN__DUPLICATE_METHOD_MATCH = YES;
				COPY_PHASE_STRIP = NO;
				DEBUG_INFORMATION_FORMAT = dwarf;
				ENABLE_STRICT_OBJC_MSGSEND = YES;
				ENABLE_TESTABILITY = YES;
				GCC_C_LANGUAGE_STANDARD = gnu11;
				GCC_DYNAMIC_NO_PIC = NO;
				GCC_NO_COMMON_BLOCKS = YES;
				GCC_OPTIMIZATION_LEVEL = 0;
				GCC_PREPROCESSOR_DEFINITIONS = (
					"DEBUG=1",
					"$(inherited)",
				);
				GCC_WARN_64_TO_32_BIT_CONVERSION = YES;
				GCC_WARN_ABOUT_RETURN_TYPE = YES_ERROR;
				GCC_WARN_UNDECLARED_SELECTOR = YES;
				GCC_WARN_UNINITIALIZED_AUTOS = YES_AGGRESSIVE;
				GCC_WARN_UNUSED_FUNCTION = YES;
				GCC_WARN_UNUSED_VARIABLE = YES;
				IPHONEOS_DEPLOYMENT_TARGET = 15.0;
				MTL_ENABLE_DEBUG_INFO = INCLUDE_SOURCE;
				MTL_FAST_MATH = YES;
				ONLY_ACTIVE_ARCH = YES;
				SDKROOT = iphoneos;
				SWIFT_ACTIVE_COMPILATION_CONDITIONS = DEBUG;
				SWIFT_OPTIMIZATION_LEVEL = "-Onone";
			};
			name = Debug;
		};
		5375A446275FC57100BFFD46 /* Release */ = {
			isa = XCBuildConfiguration;
			buildSettings = {
				ALWAYS_SEARCH_USER_PATHS = NO;
				CLANG_ANALYZER_NONNULL = YES;
				CLANG_ANALYZER_NUMBER_OBJECT_CONVERSION = YES_AGGRESSIVE;
				CLANG_CXX_LANGUAGE_STANDARD = "gnu++17";
				CLANG_CXX_LIBRARY = "libc++";
				CLANG_ENABLE_MODULES = YES;
				CLANG_ENABLE_OBJC_ARC = YES;
				CLANG_ENABLE_OBJC_WEAK = YES;
				CLANG_WARN_BLOCK_CAPTURE_AUTORELEASING = YES;
				CLANG_WARN_BOOL_CONVERSION = YES;
				CLANG_WARN_COMMA = YES;
				CLANG_WARN_CONSTANT_CONVERSION = YES;
				CLANG_WARN_DEPRECATED_OBJC_IMPLEMENTATIONS = YES;
				CLANG_WARN_DIRECT_OBJC_ISA_USAGE = YES_ERROR;
				CLANG_WARN_DOCUMENTATION_COMMENTS = YES;
				CLANG_WARN_EMPTY_BODY = YES;
				CLANG_WARN_ENUM_CONVERSION = YES;
				CLANG_WARN_INFINITE_RECURSION = YES;
				CLANG_WARN_INT_CONVERSION = YES;
				CLANG_WARN_NON_LITERAL_NULL_CONVERSION = YES;
				CLANG_WARN_OBJC_IMPLICIT_RETAIN_SELF = YES;
				CLANG_WARN_OBJC_LITERAL_CONVERSION = YES;
				CLANG_WARN_OBJC_ROOT_CLASS = YES_ERROR;
				CLANG_WARN_QUOTED_INCLUDE_IN_FRAMEWORK_HEADER = YES;
				CLANG_WARN_RANGE_LOOP_ANALYSIS = YES;
				CLANG_WARN_STRICT_PROTOTYPES = YES;
				CLANG_WARN_SUSPICIOUS_MOVE = YES;
				CLANG_WARN_UNGUARDED_AVAILABILITY = YES_AGGRESSIVE;
				CLANG_WARN_UNREACHABLE_CODE = YES;
				CLANG_WARN__DUPLICATE_METHOD_MATCH = YES;
				COPY_PHASE_STRIP = NO;
				DEBUG_INFORMATION_FORMAT = "dwarf-with-dsym";
				ENABLE_NS_ASSERTIONS = NO;
				ENABLE_STRICT_OBJC_MSGSEND = YES;
				GCC_C_LANGUAGE_STANDARD = gnu11;
				GCC_NO_COMMON_BLOCKS = YES;
				GCC_WARN_64_TO_32_BIT_CONVERSION = YES;
				GCC_WARN_ABOUT_RETURN_TYPE = YES_ERROR;
				GCC_WARN_UNDECLARED_SELECTOR = YES;
				GCC_WARN_UNINITIALIZED_AUTOS = YES_AGGRESSIVE;
				GCC_WARN_UNUSED_FUNCTION = YES;
				GCC_WARN_UNUSED_VARIABLE = YES;
				IPHONEOS_DEPLOYMENT_TARGET = 15.0;
				MTL_ENABLE_DEBUG_INFO = NO;
				MTL_FAST_MATH = YES;
				SDKROOT = iphoneos;
				SWIFT_COMPILATION_MODE = wholemodule;
				SWIFT_OPTIMIZATION_LEVEL = "-O";
				VALIDATE_PRODUCT = YES;
			};
			name = Release;
		};
		5375A448275FC57100BFFD46 /* Debug */ = {
			isa = XCBuildConfiguration;
			buildSettings = {
				ASSETCATALOG_COMPILER_APPICON_NAME = AppIcon;
				ASSETCATALOG_COMPILER_GLOBAL_ACCENT_COLOR_NAME = AccentColor;
				CODE_SIGN_STYLE = Automatic;
				CURRENT_PROJECT_VERSION = 1;
				DEVELOPMENT_ASSET_PATHS = "\"SwiftUICapsuleCollectiin/Preview Content\"";
				DEVELOPMENT_TEAM = Q4783BNZ95;
				ENABLE_PREVIEWS = YES;
				GENERATE_INFOPLIST_FILE = YES;
				INFOPLIST_KEY_UIApplicationSceneManifest_Generation = YES;
				INFOPLIST_KEY_UIApplicationSupportsIndirectInputEvents = YES;
				INFOPLIST_KEY_UILaunchScreen_Generation = YES;
				INFOPLIST_KEY_UISupportedInterfaceOrientations_iPad = "UIInterfaceOrientationPortrait UIInterfaceOrientationPortraitUpsideDown UIInterfaceOrientationLandscapeLeft UIInterfaceOrientationLandscapeRight";
				INFOPLIST_KEY_UISupportedInterfaceOrientations_iPhone = "UIInterfaceOrientationPortrait UIInterfaceOrientationLandscapeLeft UIInterfaceOrientationLandscapeRight";
				IPHONEOS_DEPLOYMENT_TARGET = 14.0;
				LD_RUNPATH_SEARCH_PATHS = (
					"$(inherited)",
					"@executable_path/Frameworks",
				);
				MARKETING_VERSION = 1.0;
				PRODUCT_BUNDLE_IDENTIFIER = com.keith27.SwiftUICapsuleCollectiin;
				PRODUCT_NAME = SwiftUIWrappingCapsuleStack;
				SWIFT_EMIT_LOC_STRINGS = YES;
				SWIFT_VERSION = 5.0;
				TARGETED_DEVICE_FAMILY = "1,2";
			};
			name = Debug;
		};
		5375A449275FC57100BFFD46 /* Release */ = {
			isa = XCBuildConfiguration;
			buildSettings = {
				ASSETCATALOG_COMPILER_APPICON_NAME = AppIcon;
				ASSETCATALOG_COMPILER_GLOBAL_ACCENT_COLOR_NAME = AccentColor;
				CODE_SIGN_STYLE = Automatic;
				CURRENT_PROJECT_VERSION = 1;
				DEVELOPMENT_ASSET_PATHS = "\"SwiftUICapsuleCollectiin/Preview Content\"";
				DEVELOPMENT_TEAM = Q4783BNZ95;
				ENABLE_PREVIEWS = YES;
				GENERATE_INFOPLIST_FILE = YES;
				INFOPLIST_KEY_UIApplicationSceneManifest_Generation = YES;
				INFOPLIST_KEY_UIApplicationSupportsIndirectInputEvents = YES;
				INFOPLIST_KEY_UILaunchScreen_Generation = YES;
				INFOPLIST_KEY_UISupportedInterfaceOrientations_iPad = "UIInterfaceOrientationPortrait UIInterfaceOrientationPortraitUpsideDown UIInterfaceOrientationLandscapeLeft UIInterfaceOrientationLandscapeRight";
				INFOPLIST_KEY_UISupportedInterfaceOrientations_iPhone = "UIInterfaceOrientationPortrait UIInterfaceOrientationLandscapeLeft UIInterfaceOrientationLandscapeRight";
				IPHONEOS_DEPLOYMENT_TARGET = 14.0;
				LD_RUNPATH_SEARCH_PATHS = (
					"$(inherited)",
					"@executable_path/Frameworks",
				);
				MARKETING_VERSION = 1.0;
				PRODUCT_BUNDLE_IDENTIFIER = com.keith27.SwiftUICapsuleCollectiin;
				PRODUCT_NAME = SwiftUIWrappingCapsuleStack;
				SWIFT_EMIT_LOC_STRINGS = YES;
				SWIFT_VERSION = 5.0;
				TARGETED_DEVICE_FAMILY = "1,2";
			};
			name = Release;
		};
		5375A44B275FC57100BFFD46 /* Debug */ = {
			isa = XCBuildConfiguration;
			buildSettings = {
				ALWAYS_EMBED_SWIFT_STANDARD_LIBRARIES = YES;
				BUNDLE_LOADER = "$(TEST_HOST)";
				CODE_SIGN_STYLE = Automatic;
				CURRENT_PROJECT_VERSION = 1;
				DEVELOPMENT_TEAM = Q4783BNZ95;
				GENERATE_INFOPLIST_FILE = YES;
				IPHONEOS_DEPLOYMENT_TARGET = 14.0;
				LD_RUNPATH_SEARCH_PATHS = (
					"$(inherited)",
					"@executable_path/Frameworks",
					"@loader_path/Frameworks",
				);
				MARKETING_VERSION = 1.0;
				PRODUCT_BUNDLE_IDENTIFIER = com.keith27.SwiftUICapsuleCollectiinTests;
				PRODUCT_NAME = "$(TARGET_NAME)";
				SWIFT_EMIT_LOC_STRINGS = NO;
				SWIFT_VERSION = 5.0;
				TARGETED_DEVICE_FAMILY = "1,2";
				TEST_HOST = "$(BUILT_PRODUCTS_DIR)/SwiftUIWrappingCapsuleStack.app/SwiftUIWrappingCapsuleStack";
			};
			name = Debug;
		};
		5375A44C275FC57100BFFD46 /* Release */ = {
			isa = XCBuildConfiguration;
			buildSettings = {
				ALWAYS_EMBED_SWIFT_STANDARD_LIBRARIES = YES;
				BUNDLE_LOADER = "$(TEST_HOST)";
				CODE_SIGN_STYLE = Automatic;
				CURRENT_PROJECT_VERSION = 1;
				DEVELOPMENT_TEAM = Q4783BNZ95;
				GENERATE_INFOPLIST_FILE = YES;
				IPHONEOS_DEPLOYMENT_TARGET = 14.0;
				LD_RUNPATH_SEARCH_PATHS = (
					"$(inherited)",
					"@executable_path/Frameworks",
					"@loader_path/Frameworks",
				);
				MARKETING_VERSION = 1.0;
				PRODUCT_BUNDLE_IDENTIFIER = com.keith27.SwiftUICapsuleCollectiinTests;
				PRODUCT_NAME = "$(TARGET_NAME)";
				SWIFT_EMIT_LOC_STRINGS = NO;
				SWIFT_VERSION = 5.0;
				TARGETED_DEVICE_FAMILY = "1,2";
				TEST_HOST = "$(BUILT_PRODUCTS_DIR)/SwiftUIWrappingCapsuleStack.app/SwiftUIWrappingCapsuleStack";
			};
			name = Release;
		};
		5375A44E275FC57100BFFD46 /* Debug */ = {
			isa = XCBuildConfiguration;
			buildSettings = {
				ALWAYS_EMBED_SWIFT_STANDARD_LIBRARIES = YES;
				CODE_SIGN_STYLE = Automatic;
				CURRENT_PROJECT_VERSION = 1;
				DEVELOPMENT_TEAM = Q4783BNZ95;
				GENERATE_INFOPLIST_FILE = YES;
				LD_RUNPATH_SEARCH_PATHS = (
					"$(inherited)",
					"@executable_path/Frameworks",
					"@loader_path/Frameworks",
				);
				MARKETING_VERSION = 1.0;
				PRODUCT_BUNDLE_IDENTIFIER = com.keith27.SwiftUICapsuleCollectiinUITests;
				PRODUCT_NAME = "$(TARGET_NAME)";
				SWIFT_EMIT_LOC_STRINGS = NO;
				SWIFT_VERSION = 5.0;
				TARGETED_DEVICE_FAMILY = "1,2";
				TEST_TARGET_NAME = SwiftUICapsuleCollectiin;
			};
			name = Debug;
		};
		5375A44F275FC57100BFFD46 /* Release */ = {
			isa = XCBuildConfiguration;
			buildSettings = {
				ALWAYS_EMBED_SWIFT_STANDARD_LIBRARIES = YES;
				CODE_SIGN_STYLE = Automatic;
				CURRENT_PROJECT_VERSION = 1;
				DEVELOPMENT_TEAM = Q4783BNZ95;
				GENERATE_INFOPLIST_FILE = YES;
				LD_RUNPATH_SEARCH_PATHS = (
					"$(inherited)",
					"@executable_path/Frameworks",
					"@loader_path/Frameworks",
				);
				MARKETING_VERSION = 1.0;
				PRODUCT_BUNDLE_IDENTIFIER = com.keith27.SwiftUICapsuleCollectiinUITests;
				PRODUCT_NAME = "$(TARGET_NAME)";
				SWIFT_EMIT_LOC_STRINGS = NO;
				SWIFT_VERSION = 5.0;
				TARGETED_DEVICE_FAMILY = "1,2";
				TEST_TARGET_NAME = SwiftUICapsuleCollectiin;
			};
			name = Release;
		};
/* End XCBuildConfiguration section */

/* Begin XCConfigurationList section */
		5375A41E275FC56E00BFFD46 /* Build configuration list for PBXProject "SwiftUIWrappingCapsuleStack" */ = {
			isa = XCConfigurationList;
			buildConfigurations = (
				5375A445275FC57100BFFD46 /* Debug */,
				5375A446275FC57100BFFD46 /* Release */,
			);
			defaultConfigurationIsVisible = 0;
			defaultConfigurationName = Release;
		};
		5375A447275FC57100BFFD46 /* Build configuration list for PBXNativeTarget "SwiftUIWrappingCapsuleStack" */ = {
			isa = XCConfigurationList;
			buildConfigurations = (
				5375A448275FC57100BFFD46 /* Debug */,
				5375A449275FC57100BFFD46 /* Release */,
			);
			defaultConfigurationIsVisible = 0;
			defaultConfigurationName = Release;
		};
		5375A44A275FC57100BFFD46 /* Build configuration list for PBXNativeTarget "SwiftUIWrappingCapsuleStackTests" */ = {
			isa = XCConfigurationList;
			buildConfigurations = (
				5375A44B275FC57100BFFD46 /* Debug */,
				5375A44C275FC57100BFFD46 /* Release */,
			);
			defaultConfigurationIsVisible = 0;
			defaultConfigurationName = Release;
		};
		5375A44D275FC57100BFFD46 /* Build configuration list for PBXNativeTarget "SwiftUIWrappingCapsuleStackUITests" */ = {
			isa = XCConfigurationList;
			buildConfigurations = (
				5375A44E275FC57100BFFD46 /* Debug */,
				5375A44F275FC57100BFFD46 /* Release */,
			);
			defaultConfigurationIsVisible = 0;
			defaultConfigurationName = Release;
		};
/* End XCConfigurationList section */
	};
	rootObject = 5375A41B275FC56E00BFFD46 /* Project object */;
}
